
Microsoft Visual Studio Solution File, Format Version 12.00
# Visual Studio Version 17
VisualStudioVersion = 17.7.34202.233
MinimumVisualStudioVersion = 10.0.40219.1
Project("{9A19103F-16F7-4668-BE54-9A1E7A4F7556}") = "API", "Project\API.csproj", "{DC9664C0-C4B1-4B8C-B123-42E53DB262A7}"
EndProject
Project("{FAE04EC0-301F-11D3-BF4B-00C04F79EFBC}") = "Core", "Core\Core.csproj", "{6C2DBB5A-974A-4AE8-B2EA-E770F90DB374}"
EndProject
Project("{FAE04EC0-301F-11D3-BF4B-00C04F79EFBC}") = "Domain", "Domain\Domain.csproj", "{8C8C23F8-3A3B-42AD-AB96-0ED382B4B665}"
EndProject
Global
	GlobalSection(SolutionConfigurationPlatforms) = preSolution
		Debug|Any CPU = Debug|Any CPU
		Release|Any CPU = Release|Any CPU
	EndGlobalSection
	GlobalSection(ProjectConfigurationPlatforms) = postSolution
		{DC9664C0-C4B1-4B8C-B123-42E53DB262A7}.Debug|Any CPU.ActiveCfg = Debug|Any CPU
		{DC9664C0-C4B1-4B8C-B123-42E53DB262A7}.Debug|Any CPU.Build.0 = Debug|Any CPU
		{DC9664C0-C4B1-4B8C-B123-42E53DB262A7}.Release|Any CPU.ActiveCfg = Release|Any CPU
		{DC9664C0-C4B1-4B8C-B123-42E53DB262A7}.Release|Any CPU.Build.0 = Release|Any CPU
		{6C2DBB5A-974A-4AE8-B2EA-E770F90DB374}.Debug|Any CPU.ActiveCfg = Debug|Any CPU
		{6C2DBB5A-974A-4AE8-B2EA-E770F90DB374}.Debug|Any CPU.Build.0 = Debug|Any CPU
		{6C2DBB5A-974A-4AE8-B2EA-E770F90DB374}.Release|Any CPU.ActiveCfg = Release|Any CPU
		{6C2DBB5A-974A-4AE8-B2EA-E770F90DB374}.Release|Any CPU.Build.0 = Release|Any CPU
		{8C8C23F8-3A3B-42AD-AB96-0ED382B4B665}.Debug|Any CPU.ActiveCfg = Debug|Any CPU
		{8C8C23F8-3A3B-42AD-AB96-0ED382B4B665}.Debug|Any CPU.Build.0 = Debug|Any CPU
		{8C8C23F8-3A3B-42AD-AB96-0ED382B4B665}.Release|Any CPU.ActiveCfg = Release|Any CPU
		{8C8C23F8-3A3B-42AD-AB96-0ED382B4B665}.Release|Any CPU.Build.0 = Release|Any CPU
	EndGlobalSection
	GlobalSection(SolutionProperties) = preSolution
		HideSolutionNode = FALSE
	EndGlobalSection
	GlobalSection(ExtensibilityGlobals) = postSolution
		SolutionGuid = {76746884-6670-4B7F-B8F3-B570B46D25EB}
	EndGlobalSection
EndGlobal
